
Microsoft Visual Studio Solution File, Format Version 12.00
# Visual Studio Version 16
VisualStudioVersion = 16.0.30011.22
MinimumVisualStudioVersion = 10.0.40219.1
Project("{FAE04EC0-301F-11D3-BF4B-00C04F79EFBC}") = "Calculator", "Calculator.csproj", "{5E7A6CF0-C2CF-4005-A9EE-5160DB15E2A9}"
EndProject
Project("{FAE04EC0-301F-11D3-BF4B-00C04F79EFBC}") = "Tests", "..\Tests\Tests.csproj", "{E7A8DBC7-7276-4C50-A420-D954D4DF233A}"
EndProject
Project("{54435603-DBB4-11D2-8724-00A0C9A8B90C}") = "Setup", "..\Setup\Setup.vdproj", "{B88C53B6-2FE6-49B2-B392-FAE756C0315C}"
EndProject
Global
	GlobalSection(SolutionConfigurationPlatforms) = preSolution
		All|Any CPU = All|Any CPU
		Debug|Any CPU = Debug|Any CPU
		Release|Any CPU = Release|Any CPU
	EndGlobalSection
	GlobalSection(ProjectConfigurationPlatforms) = postSolution
		{5E7A6CF0-C2CF-4005-A9EE-5160DB15E2A9}.All|Any CPU.ActiveCfg = Release|Any CPU
		{5E7A6CF0-C2CF-4005-A9EE-5160DB15E2A9}.All|Any CPU.Build.0 = Release|Any CPU
		{5E7A6CF0-C2CF-4005-A9EE-5160DB15E2A9}.Debug|Any CPU.ActiveCfg = Release|Any CPU
		{5E7A6CF0-C2CF-4005-A9EE-5160DB15E2A9}.Debug|Any CPU.Build.0 = Release|Any CPU
		{5E7A6CF0-C2CF-4005-A9EE-5160DB15E2A9}.Release|Any CPU.ActiveCfg = Release|Any CPU
		{5E7A6CF0-C2CF-4005-A9EE-5160DB15E2A9}.Release|Any CPU.Build.0 = Release|Any CPU
		{E7A8DBC7-7276-4C50-A420-D954D4DF233A}.All|Any CPU.ActiveCfg = Release|Any CPU
		{E7A8DBC7-7276-4C50-A420-D954D4DF233A}.All|Any CPU.Build.0 = Release|Any CPU
		{E7A8DBC7-7276-4C50-A420-D954D4DF233A}.Debug|Any CPU.ActiveCfg = Debug|Any CPU
		{E7A8DBC7-7276-4C50-A420-D954D4DF233A}.Release|Any CPU.ActiveCfg = Release|Any CPU
		{B88C53B6-2FE6-49B2-B392-FAE756C0315C}.All|Any CPU.ActiveCfg = Release
		{B88C53B6-2FE6-49B2-B392-FAE756C0315C}.Debug|Any CPU.ActiveCfg = Debug
		{B88C53B6-2FE6-49B2-B392-FAE756C0315C}.Release|Any CPU.ActiveCfg = Release
	EndGlobalSection
	GlobalSection(SolutionProperties) = preSolution
		HideSolutionNode = FALSE
	EndGlobalSection
	GlobalSection(ExtensibilityGlobals) = postSolution
		SolutionGuid = {83C6E37B-A6C2-4A24-92B2-15E559E0F2BA}
	EndGlobalSection
EndGlobal
