
Microsoft Visual Studio Solution File, Format Version 12.00
# Visual Studio Version 16
VisualStudioVersion = 16.0.30011.22
MinimumVisualStudioVersion = 10.0.40219.1
Project("{FAE04EC0-301F-11D3-BF4B-00C04F79EFBC}") = "Kalkulator", "Kalkulator\Kalkulator.csproj", "{A0F5BA77-DFAF-4E1E-830B-0F820A937B55}"
EndProject
Global
	GlobalSection(SolutionConfigurationPlatforms) = preSolution
		Debug|Any CPU = Debug|Any CPU
		Release|Any CPU = Release|Any CPU
	EndGlobalSection
	GlobalSection(ProjectConfigurationPlatforms) = postSolution
		{A0F5BA77-DFAF-4E1E-830B-0F820A937B55}.Debug|Any CPU.ActiveCfg = Debug|Any CPU
		{A0F5BA77-DFAF-4E1E-830B-0F820A937B55}.Debug|Any CPU.Build.0 = Debug|Any CPU
		{A0F5BA77-DFAF-4E1E-830B-0F820A937B55}.Release|Any CPU.ActiveCfg = Release|Any CPU
		{A0F5BA77-DFAF-4E1E-830B-0F820A937B55}.Release|Any CPU.Build.0 = Release|Any CPU
	EndGlobalSection
	GlobalSection(SolutionProperties) = preSolution
		HideSolutionNode = FALSE
	EndGlobalSection
	GlobalSection(ExtensibilityGlobals) = postSolution
		SolutionGuid = {7F486609-B7BD-4DAA-A4FA-91090FD3375D}
	EndGlobalSection
EndGlobal
