
Microsoft Visual Studio Solution File, Format Version 12.00
# Visual Studio Version 16
VisualStudioVersion = 16.0.30011.22
MinimumVisualStudioVersion = 10.0.40219.1
Project("{FAE04EC0-301F-11D3-BF4B-00C04F79EFBC}") = "Kalkulator", "Kalkulator.csproj", "{5E7A6CF0-C2CF-4005-A9EE-5160DB15E2A9}"
EndProject
Global
	GlobalSection(SolutionConfigurationPlatforms) = preSolution
		Debug|Any CPU = Debug|Any CPU
		Release|Any CPU = Release|Any CPU
	EndGlobalSection
	GlobalSection(ProjectConfigurationPlatforms) = postSolution
		{5E7A6CF0-C2CF-4005-A9EE-5160DB15E2A9}.Debug|Any CPU.ActiveCfg = Debug|Any CPU
		{5E7A6CF0-C2CF-4005-A9EE-5160DB15E2A9}.Debug|Any CPU.Build.0 = Debug|Any CPU
		{5E7A6CF0-C2CF-4005-A9EE-5160DB15E2A9}.Release|Any CPU.ActiveCfg = Release|Any CPU
		{5E7A6CF0-C2CF-4005-A9EE-5160DB15E2A9}.Release|Any CPU.Build.0 = Release|Any CPU
	EndGlobalSection
	GlobalSection(SolutionProperties) = preSolution
		HideSolutionNode = FALSE
	EndGlobalSection
	GlobalSection(ExtensibilityGlobals) = postSolution
		SolutionGuid = {83C6E37B-A6C2-4A24-92B2-15E559E0F2BA}
	EndGlobalSection
EndGlobal
